
Microsoft Visual Studio Solution File, Format Version 12.00
# Visual Studio Version 17
VisualStudioVersion = 17.9.34616.47
MinimumVisualStudioVersion = 10.0.40219.1
Project("{FAE04EC0-301F-11D3-BF4B-00C04F79EFBC}") = "PokemonReviewApp", "PokemonReviewApp\PokemonReviewApp.csproj", "{22337AC0-D8DD-408B-AD84-9786E299E067}"
EndProject
Global
	GlobalSection(SolutionConfigurationPlatforms) = preSolution
		Debug|Any CPU = Debug|Any CPU
		Release|Any CPU = Release|Any CPU
	EndGlobalSection
	GlobalSection(ProjectConfigurationPlatforms) = postSolution
		{22337AC0-D8DD-408B-AD84-9786E299E067}.Debug|Any CPU.ActiveCfg = Debug|Any CPU
		{22337AC0-D8DD-408B-AD84-9786E299E067}.Debug|Any CPU.Build.0 = Debug|Any CPU
		{22337AC0-D8DD-408B-AD84-9786E299E067}.Release|Any CPU.ActiveCfg = Release|Any CPU
		{22337AC0-D8DD-408B-AD84-9786E299E067}.Release|Any CPU.Build.0 = Release|Any CPU
	EndGlobalSection
	GlobalSection(SolutionProperties) = preSolution
		HideSolutionNode = FALSE
	EndGlobalSection
	GlobalSection(ExtensibilityGlobals) = postSolution
		SolutionGuid = {622C8A99-A79F-4267-844B-1A7931188958}
	EndGlobalSection
EndGlobal
